
Microsoft Visual Studio Solution File, Format Version 12.00
# Visual Studio Version 16
VisualStudioVersion = 16.0.30907.101
MinimumVisualStudioVersion = 10.0.40219.1
Project("{FAE04EC0-301F-11D3-BF4B-00C04F79EFBC}") = "RCL.Authorization.Core", "RCL.Authorization.Core\RCL.Authorization.Core.csproj", "{8A340690-65DA-4DC9-A3FD-374758AAAA27}"
EndProject
Project("{FAE04EC0-301F-11D3-BF4B-00C04F79EFBC}") = "RCL.Authorization.Test", "RCL.Authorization.Test\RCL.Authorization.Test.csproj", "{EB4D0991-3267-44B1-9C56-8DB39A0B01FE}"
EndProject
Global
	GlobalSection(SolutionConfigurationPlatforms) = preSolution
		Debug|Any CPU = Debug|Any CPU
		Release|Any CPU = Release|Any CPU
	EndGlobalSection
	GlobalSection(ProjectConfigurationPlatforms) = postSolution
		{8A340690-65DA-4DC9-A3FD-374758AAAA27}.Debug|Any CPU.ActiveCfg = Debug|Any CPU
		{8A340690-65DA-4DC9-A3FD-374758AAAA27}.Debug|Any CPU.Build.0 = Debug|Any CPU
		{8A340690-65DA-4DC9-A3FD-374758AAAA27}.Release|Any CPU.ActiveCfg = Release|Any CPU
		{8A340690-65DA-4DC9-A3FD-374758AAAA27}.Release|Any CPU.Build.0 = Release|Any CPU
		{EB4D0991-3267-44B1-9C56-8DB39A0B01FE}.Debug|Any CPU.ActiveCfg = Debug|Any CPU
		{EB4D0991-3267-44B1-9C56-8DB39A0B01FE}.Debug|Any CPU.Build.0 = Debug|Any CPU
		{EB4D0991-3267-44B1-9C56-8DB39A0B01FE}.Release|Any CPU.ActiveCfg = Release|Any CPU
		{EB4D0991-3267-44B1-9C56-8DB39A0B01FE}.Release|Any CPU.Build.0 = Release|Any CPU
	EndGlobalSection
	GlobalSection(SolutionProperties) = preSolution
		HideSolutionNode = FALSE
	EndGlobalSection
	GlobalSection(ExtensibilityGlobals) = postSolution
		SolutionGuid = {F8E5BFAB-AF61-4CB8-B504-CC06695B8395}
	EndGlobalSection
EndGlobal
